
Microsoft Visual Studio Solution File, Format Version 12.00
# Visual Studio Version 17
VisualStudioVersion = 17.14.36804.6 d17.14
MinimumVisualStudioVersion = 10.0.40219.1
Project("{FAE04EC0-301F-11D3-BF4B-00C04F79EFBC}") = "ConsoleApp2", "ConsoleApp2.csproj", "{C2C364B9-BEAC-4775-BC4E-000C0638F51D}"
EndProject
Global
	GlobalSection(SolutionConfigurationPlatforms) = preSolution
		Debug|Any CPU = Debug|Any CPU
		Release|Any CPU = Release|Any CPU
	EndGlobalSection
	GlobalSection(ProjectConfigurationPlatforms) = postSolution
		{C2C364B9-BEAC-4775-BC4E-000C0638F51D}.Debug|Any CPU.ActiveCfg = Debug|Any CPU
		{C2C364B9-BEAC-4775-BC4E-000C0638F51D}.Debug|Any CPU.Build.0 = Debug|Any CPU
		{C2C364B9-BEAC-4775-BC4E-000C0638F51D}.Release|Any CPU.ActiveCfg = Release|Any CPU
		{C2C364B9-BEAC-4775-BC4E-000C0638F51D}.Release|Any CPU.Build.0 = Release|Any CPU
	EndGlobalSection
	GlobalSection(SolutionProperties) = preSolution
		HideSolutionNode = FALSE
	EndGlobalSection
	GlobalSection(ExtensibilityGlobals) = postSolution
		SolutionGuid = {A7E2C8DD-E4B5-40EC-AE15-F61B15A511CC}
	EndGlobalSection
EndGlobal
