
Microsoft Visual Studio Solution File, Format Version 12.00
# Visual Studio Version 17
VisualStudioVersion = 17.14.36804.6 d17.14
MinimumVisualStudioVersion = 10.0.40219.1
Project("{FAE04EC0-301F-11D3-BF4B-00C04F79EFBC}") = "Day_4", "Day_4.csproj", "{24E367A0-DD65-4D1E-A184-B40953583466}"
EndProject
Project("{FAE04EC0-301F-11D3-BF4B-00C04F79EFBC}") = "Access_Specifier", "..\Access_Specifier\Access_Specifier.csproj", "{D828BA6B-EBBD-4A99-A280-31068BBB9701}"
EndProject
Project("{FAE04EC0-301F-11D3-BF4B-00C04F79EFBC}") = "Access_Specifier_Main", "..\Access_Specifier_Main\Access_Specifier_Main.csproj", "{92003D39-C9F8-40E8-98FC-FE9217745592}"
EndProject
Project("{FAE04EC0-301F-11D3-BF4B-00C04F79EFBC}") = "Delegates", "..\Delegates\Delegates.csproj", "{D818A054-925D-45B3-A3E2-9609C2C99412}"
EndProject
Project("{FAE04EC0-301F-11D3-BF4B-00C04F79EFBC}") = "ConsoleApp1", "..\ConsoleApp1\ConsoleApp1.csproj", "{A243C630-D0B7-40E3-AE2F-F5F29D8423B8}"
EndProject
Global
	GlobalSection(SolutionConfigurationPlatforms) = preSolution
		Debug|Any CPU = Debug|Any CPU
		Release|Any CPU = Release|Any CPU
	EndGlobalSection
	GlobalSection(ProjectConfigurationPlatforms) = postSolution
		{24E367A0-DD65-4D1E-A184-B40953583466}.Debug|Any CPU.ActiveCfg = Debug|Any CPU
		{24E367A0-DD65-4D1E-A184-B40953583466}.Debug|Any CPU.Build.0 = Debug|Any CPU
		{24E367A0-DD65-4D1E-A184-B40953583466}.Release|Any CPU.ActiveCfg = Release|Any CPU
		{24E367A0-DD65-4D1E-A184-B40953583466}.Release|Any CPU.Build.0 = Release|Any CPU
		{D828BA6B-EBBD-4A99-A280-31068BBB9701}.Debug|Any CPU.ActiveCfg = Debug|Any CPU
		{D828BA6B-EBBD-4A99-A280-31068BBB9701}.Debug|Any CPU.Build.0 = Debug|Any CPU
		{D828BA6B-EBBD-4A99-A280-31068BBB9701}.Release|Any CPU.ActiveCfg = Release|Any CPU
		{D828BA6B-EBBD-4A99-A280-31068BBB9701}.Release|Any CPU.Build.0 = Release|Any CPU
		{92003D39-C9F8-40E8-98FC-FE9217745592}.Debug|Any CPU.ActiveCfg = Debug|Any CPU
		{92003D39-C9F8-40E8-98FC-FE9217745592}.Debug|Any CPU.Build.0 = Debug|Any CPU
		{92003D39-C9F8-40E8-98FC-FE9217745592}.Release|Any CPU.ActiveCfg = Release|Any CPU
		{92003D39-C9F8-40E8-98FC-FE9217745592}.Release|Any CPU.Build.0 = Release|Any CPU
		{D818A054-925D-45B3-A3E2-9609C2C99412}.Debug|Any CPU.ActiveCfg = Debug|Any CPU
		{D818A054-925D-45B3-A3E2-9609C2C99412}.Debug|Any CPU.Build.0 = Debug|Any CPU
		{D818A054-925D-45B3-A3E2-9609C2C99412}.Release|Any CPU.ActiveCfg = Release|Any CPU
		{D818A054-925D-45B3-A3E2-9609C2C99412}.Release|Any CPU.Build.0 = Release|Any CPU
		{A243C630-D0B7-40E3-AE2F-F5F29D8423B8}.Debug|Any CPU.ActiveCfg = Debug|Any CPU
		{A243C630-D0B7-40E3-AE2F-F5F29D8423B8}.Debug|Any CPU.Build.0 = Debug|Any CPU
		{A243C630-D0B7-40E3-AE2F-F5F29D8423B8}.Release|Any CPU.ActiveCfg = Release|Any CPU
		{A243C630-D0B7-40E3-AE2F-F5F29D8423B8}.Release|Any CPU.Build.0 = Release|Any CPU
	EndGlobalSection
	GlobalSection(SolutionProperties) = preSolution
		HideSolutionNode = FALSE
	EndGlobalSection
	GlobalSection(ExtensibilityGlobals) = postSolution
		SolutionGuid = {F1F83049-AA0E-4CDC-BBBB-6F1A4CBBDCF9}
	EndGlobalSection
EndGlobal
