
Microsoft Visual Studio Solution File, Format Version 12.00
# Visual Studio Version 17
VisualStudioVersion = 17.14.36804.6 d17.14
MinimumVisualStudioVersion = 10.0.40219.1
Project("{FAE04EC0-301F-11D3-BF4B-00C04F79EFBC}") = "08_1_Demo", "08_1_Demo\08_1_Demo.csproj", "{6B3258BF-EE75-4B78-80EF-91C1B21AB82D}"
EndProject
Project("{FAE04EC0-301F-11D3-BF4B-00C04F79EFBC}") = "08_2_Demo_LINQ", "08_2_Demo_LINQ\08_2_Demo_LINQ.csproj", "{9260DB6F-77EF-49C3-8210-C03B710A8989}"
EndProject
Project("{FAE04EC0-301F-11D3-BF4B-00C04F79EFBC}") = "08_03_Demo_LINQ", "08_03_Demo_LINQ\08_03_Demo_LINQ.csproj", "{17C49D43-9953-4A76-81E2-36AC7DF0C414}"
EndProject
Global
	GlobalSection(SolutionConfigurationPlatforms) = preSolution
		Debug|Any CPU = Debug|Any CPU
		Release|Any CPU = Release|Any CPU
	EndGlobalSection
	GlobalSection(ProjectConfigurationPlatforms) = postSolution
		{6B3258BF-EE75-4B78-80EF-91C1B21AB82D}.Debug|Any CPU.ActiveCfg = Debug|Any CPU
		{6B3258BF-EE75-4B78-80EF-91C1B21AB82D}.Debug|Any CPU.Build.0 = Debug|Any CPU
		{6B3258BF-EE75-4B78-80EF-91C1B21AB82D}.Release|Any CPU.ActiveCfg = Release|Any CPU
		{6B3258BF-EE75-4B78-80EF-91C1B21AB82D}.Release|Any CPU.Build.0 = Release|Any CPU
		{9260DB6F-77EF-49C3-8210-C03B710A8989}.Debug|Any CPU.ActiveCfg = Debug|Any CPU
		{9260DB6F-77EF-49C3-8210-C03B710A8989}.Debug|Any CPU.Build.0 = Debug|Any CPU
		{9260DB6F-77EF-49C3-8210-C03B710A8989}.Release|Any CPU.ActiveCfg = Release|Any CPU
		{9260DB6F-77EF-49C3-8210-C03B710A8989}.Release|Any CPU.Build.0 = Release|Any CPU
		{17C49D43-9953-4A76-81E2-36AC7DF0C414}.Debug|Any CPU.ActiveCfg = Debug|Any CPU
		{17C49D43-9953-4A76-81E2-36AC7DF0C414}.Debug|Any CPU.Build.0 = Debug|Any CPU
		{17C49D43-9953-4A76-81E2-36AC7DF0C414}.Release|Any CPU.ActiveCfg = Release|Any CPU
		{17C49D43-9953-4A76-81E2-36AC7DF0C414}.Release|Any CPU.Build.0 = Release|Any CPU
	EndGlobalSection
	GlobalSection(SolutionProperties) = preSolution
		HideSolutionNode = FALSE
	EndGlobalSection
	GlobalSection(ExtensibilityGlobals) = postSolution
		SolutionGuid = {92EB4E6C-BA0F-4D1D-AEFF-24DEA8A020FA}
	EndGlobalSection
EndGlobal
